Microsoft Visual Studio Solution File, Format Version 12.00
# Visual Studio Version 17
VisualStudioVersion = 17.6.33723.286
MinimumVisualStudioVersion = 10.0.40219.1
Project("{9A19103F-16F7-4668-BE54-9A1E7A4F7556}") = "ProthesisHealth", "ProthesisHealth\ProthesisHealth.csproj", "{CF1CD9E7-84C5-4AE8-8E44-1D435BF86D06}"
EndProject
Global
	GlobalSection(SolutionConfigurationPlatforms) = preSolution
		Debug|Any CPU = Debug|Any CPU
		Release|Any CPU = Release|Any CPU
	EndGlobalSection
	GlobalSection(ProjectConfigurationPlatforms) = postSolution
		{CF1CD9E7-84C5-4AE8-8E44-1D435BF86D06}.Debug|Any CPU.ActiveCfg = Debug|Any CPU
		{CF1CD9E7-84C5-4AE8-8E44-1D435BF86D06}.Debug|Any CPU.Build.0 = Debug|Any CPU
		{CF1CD9E7-84C5-4AE8-8E44-1D435BF86D06}.Release|Any CPU.ActiveCfg = Release|Any CPU
		{CF1CD9E7-84C5-4AE8-8E44-1D435BF86D06}.Release|Any CPU.Build.0 = Release|Any CPU
	EndGlobalSection
	GlobalSection(SolutionProperties) = preSolution
		HideSolutionNode = FALSE
	EndGlobalSection
	GlobalSection(ExtensibilityGlobals) = postSolution
		SolutionGuid = {138f409e-e011-4bb0-a46b-3b72115bdb31}
	EndGlobalSection
EndGlobal
